<?xml version="1.0" encoding="utf-8"?>
<Project ToolsVersion="4.0" xmlns="http://schemas.microsoft.com/developer/msbuild/2003">
  <ItemGroup>
    <Filter Include="Header Files">
      <UniqueIdentifier>{93995380-89BD-4b04-88EB-625FBE52EBFB}</UniqueIdentifier>
      <Extensions>h;hh;hpp;hxx;hm;inl;inc;ipp;xsd</Extensions>
    </Filter>
    <Filter Include="Resource Files">
      <UniqueIdentifier>{67DA6AB6-F800-4c08-8B7A-83BB121AAD01}</UniqueIdentifier>
      <Extensions>rc;ico;cur;bmp;dlg;rc2;rct;bin;rgs;gif;jpg;jpeg;jpe;resx;tiff;tif;png;wav;mfcribbon-ms</Extensions>
    </Filter>
    <Filter Include="Header Files\generators">
      <UniqueIdentifier>{0f15b70b-cd65-46ad-b6bc-ca4420b7c2dc}</UniqueIdentifier>
    </Filter>
  </ItemGroup>
  <ItemGroup>
    <ClInclude Include="..\include\bmf\VertexGenerator.h">
      <Filter>Header Files</Filter>
    </ClInclude>
    <ClInclude Include="..\include\bmf\Attributes.h">
      <Filter>Header Files</Filter>
    </ClInclude>
    <ClInclude Include="..\include\bmf\Triangle.h">
      <Filter>Header Files</Filter>
    </ClInclude>
    <ClInclude Include="..\include\bmf\Vertex.h">
      <Filter>Header Files</Filter>
    </ClInclude>
    <ClInclude Include="..\include\bmf\VertexCache.h">
      <Filter>Header Files</Filter>
    </ClInclude>
    <ClInclude Include="..\include\bmf\BinaryMesh.h">
      <Filter>Header Files</Filter>
    </ClInclude>
    <ClInclude Include="..\include\bmf\generators\ConstantValueGenerator.h">
      <Filter>Header Files\generators</Filter>
    </ClInclude>
    <ClInclude Include="..\include\bmf\generators\FlatNormalGenerator.h">
      <Filter>Header Files\generators</Filter>
    </ClInclude>
    <ClInclude Include="..\include\bmf\generators\glm.h">
      <Filter>Header Files\generators</Filter>
    </ClInclude>
  </ItemGroup>
  <ItemGroup>
    <ClCompile Include="..\src\FlatNormalGenerator.cpp">
      <Filter>Header Files\generators</Filter>
    </ClCompile>
  </ItemGroup>
</Project>